{
    "_readme": [
        "This file locks the dependencies of your project to a known state",
        "Read more about it at https://getcomposer.org/doc/01-basic-usage.md#installing-dependencies",
        "This file is @generated automatically"
    ],
    "content-hash": "b35f5f24a6db112901c258f17778bc00",
    "packages": [],
    "packages-dev": [],
    "aliases": [],
    "minimum-stability": "stable",
    "stability-flags": [],
    "prefer-stable": false,
    "prefer-lowest": false,
    "platform": {
        "php": "^7.2.7",
        "ext-json": "*",
        "ext-mysqlnd": "*",
        "ext-mysqli": "*",
        "ext-pdo_mysql": "*",
        "ext-memcached": "*"
    },
    "platform-dev": []
}
